{
  "version": 4,
  "terraform_version": "1.11.4",
  "serial": 43,
  "lineage": "f500134a-b673-52ac-2479-06dcb67cd69c",
  "outputs": {
    "backend_url": {
      "value": "http://localhost:8080",
      "type": "string"
    },
    "frontend_url": {
      "value": "http://localhost:3030",
      "type": "string"
    },
    "postgres_url": {
      "value": "jdbc:postgresql://localhost:5432/dbhabit?currentSchema=srefinal",
      "type": "string"
    }
  },
  "resources": [
    {
      "mode": "managed",
      "type": "docker_network",
      "name": "polling_net",
      "provider": "provider[\"registry.terraform.io/kreuzwerker/docker\"]",
      "instances": [
        {
          "schema_version": 1,
          "attributes": {
            "attachable": false,
            "check_duplicate": null,
            "driver": "bridge",
            "id": "00003c7600ca857a4d3c5d9925581295c897eb392f3d3e55c566ebe10b662397",
            "ingress": false,
            "internal": false,
            "ipam_config": [
              {
                "aux_address": {},
                "gateway": "172.18.0.1",
                "ip_range": "",
                "subnet": "172.18.0.0/16"
              }
            ],
            "ipam_driver": "default",
            "ipam_options": {},
            "ipv6": false,
            "labels": [],
            "name": "polling-network",
            "options": {},
            "scope": "local"
          },
          "sensitive_attributes": [],
          "private": "eyJzY2hlbWFfdmVyc2lvbiI6IjEifQ=="
        }
      ]
    },
    {
      "mode": "managed",
      "type": "null_resource",
      "name": "backend_build",
      "provider": "provider[\"registry.terraform.io/hashicorp/null\"]",
      "instances": [
        {
          "schema_version": 0,
          "attributes": {
            "id": "5866877520315559167",
            "triggers": null
          },
          "sensitive_attributes": []
        }
      ]
    },
    {
      "mode": "managed",
      "type": "null_resource",
      "name": "frontend_build",
      "provider": "provider[\"registry.terraform.io/hashicorp/null\"]",
      "instances": [
        {
          "schema_version": 0,
          "attributes": {
            "id": "2146186683440193285",
            "triggers": null
          },
          "sensitive_attributes": []
        }
      ]
    },
    {
      "mode": "managed",
      "type": "null_resource",
      "name": "polling_compose",
      "provider": "provider[\"registry.terraform.io/hashicorp/null\"]",
      "instances": [
        {
          "status": "tainted",
          "schema_version": 0,
          "attributes": {
            "id": "1469035412546038580",
            "triggers": null
          },
          "sensitive_attributes": [],
          "dependencies": [
            "docker_network.polling_net",
            "null_resource.backend_build",
            "null_resource.frontend_build"
          ]
        }
      ]
    }
  ],
  "check_results": null
}
